{
  "name": "snapdrop",
  "version": "1.0.0",
  "lockfileVersion": 1,
  "requires": true,
  "dependencies": {
    "ua-parser-js": {
      "version": "0.7.21",
      "resolved": "https://registry.npmjs.org/ua-parser-js/-/ua-parser-js-0.7.21.tgz",
      "integrity": "sha512-+O8/qh/Qj8CgC6eYBVBykMrNtp5Gebn4dlGD/kKXVkJNDwyrAwSIqwz8CDf+tsAIWVycKcku6gIXJ0qwx/ZXaQ=="
    },
    "unique-names-generator": {
      "version": "4.3.0",
      "resolved": "https://registry.npmjs.org/unique-names-generator/-/unique-names-generator-4.3.0.tgz",
      "integrity": "sha512-uNX6jVFjBXfZtsc7B8jVPJ3QdfCF/Sjde4gxsy3rNQmHuWGFarnU7IFGdxZKJ4h4uRjANQc6rG7GiGolRW9fgA=="
    },
    "ws": {
      "version": "7.4.6",
      "resolved": "https://registry.npmjs.org/ws/-/ws-7.4.6.tgz",
      "integrity": "sha512-YmhHDO4MzaDLB+M9ym/mDA5z0naX8j7SIlT8f8z+I0VtzsRbekxEutHSme7NPS2qE8StCYQNUnfWdXta/Yu85A=="
    }
  }
}
