{
  "name": "snapdrop",
  "version": "1.0.0",
  "lockfileVersion": 1,
  "requires": true,
  "dependencies": {
    "ua-parser-js": {
      "version": "0.7.24",
      "resolved": "https://registry.npmjs.org/ua-parser-js/-/ua-parser-js-0.7.24.tgz",
      "integrity": "sha512-yo+miGzQx5gakzVK3QFfN0/L9uVhosXBBO7qmnk7c2iw1IhL212wfA3zbnI54B0obGwC/5NWub/iT9sReMx+Fw=="
    },
    "unique-names-generator": {
      "version": "4.3.0",
      "resolved": "https://registry.npmjs.org/unique-names-generator/-/unique-names-generator-4.3.0.tgz",
      "integrity": "sha512-uNX6jVFjBXfZtsc7B8jVPJ3QdfCF/Sjde4gxsy3rNQmHuWGFarnU7IFGdxZKJ4h4uRjANQc6rG7GiGolRW9fgA=="
    },
    "ws": {
      "version": "7.3.1",
      "resolved": "https://registry.npmjs.org/ws/-/ws-7.3.1.tgz",
      "integrity": "sha512-D3RuNkynyHmEJIpD2qrgVkc9DQ23OrN/moAwZX4L8DfvszsJxpjQuUq3LMx6HoYji9fbIOBY18XWBsAux1ZZUA=="
    }
  }
}
